
Microsoft Visual Studio Solution File, Format Version 12.00
# Visual Studio Version 16
VisualStudioVersion = 16.0.30621.155
MinimumVisualStudioVersion = 10.0.40219.1
Project("{9A19103F-16F7-4668-BE54-9A1E7A4F7556}") = "AObaidiP5.Server", "AObaidiP5\Server\AObaidiP5.Server.csproj", "{C295F01E-326C-4457-8218-949631389051}"
EndProject
Project("{9A19103F-16F7-4668-BE54-9A1E7A4F7556}") = "AObaidiP5.Client", "AObaidiP5\Client\AObaidiP5.Client.csproj", "{5F68E1FD-C465-4112-8F5E-3539DA741F22}"
EndProject
Project("{9A19103F-16F7-4668-BE54-9A1E7A4F7556}") = "AObaidiP5.Shared", "AObaidiP5\Shared\AObaidiP5.Shared.csproj", "{199AB534-7570-4611-8684-6B31E5231C1D}"
EndProject
Global
	GlobalSection(SolutionConfigurationPlatforms) = preSolution
		Debug|Any CPU = Debug|Any CPU
		Release|Any CPU = Release|Any CPU
	EndGlobalSection
	GlobalSection(ProjectConfigurationPlatforms) = postSolution
		{C295F01E-326C-4457-8218-949631389051}.Debug|Any CPU.ActiveCfg = Debug|Any CPU
		{C295F01E-326C-4457-8218-949631389051}.Debug|Any CPU.Build.0 = Debug|Any CPU
		{C295F01E-326C-4457-8218-949631389051}.Release|Any CPU.ActiveCfg = Release|Any CPU
		{C295F01E-326C-4457-8218-949631389051}.Release|Any CPU.Build.0 = Release|Any CPU
		{5F68E1FD-C465-4112-8F5E-3539DA741F22}.Debug|Any CPU.ActiveCfg = Debug|Any CPU
		{5F68E1FD-C465-4112-8F5E-3539DA741F22}.Debug|Any CPU.Build.0 = Debug|Any CPU
		{5F68E1FD-C465-4112-8F5E-3539DA741F22}.Release|Any CPU.ActiveCfg = Release|Any CPU
		{5F68E1FD-C465-4112-8F5E-3539DA741F22}.Release|Any CPU.Build.0 = Release|Any CPU
		{199AB534-7570-4611-8684-6B31E5231C1D}.Debug|Any CPU.ActiveCfg = Debug|Any CPU
		{199AB534-7570-4611-8684-6B31E5231C1D}.Debug|Any CPU.Build.0 = Debug|Any CPU
		{199AB534-7570-4611-8684-6B31E5231C1D}.Release|Any CPU.ActiveCfg = Release|Any CPU
		{199AB534-7570-4611-8684-6B31E5231C1D}.Release|Any CPU.Build.0 = Release|Any CPU
	EndGlobalSection
	GlobalSection(SolutionProperties) = preSolution
		HideSolutionNode = FALSE
	EndGlobalSection
	GlobalSection(ExtensibilityGlobals) = postSolution
		SolutionGuid = {E876F6CB-22E9-422E-95F9-FFE227175334}
	EndGlobalSection
EndGlobal
